
Microsoft Visual Studio Solution File, Format Version 12.00
# Visual Studio Version 17
VisualStudioVersion = 17.9.34723.18
MinimumVisualStudioVersion = 10.0.40219.1
Project("{FAE04EC0-301F-11D3-BF4B-00C04F79EFBC}") = "Spotify", "Spotify\Spotify.csproj", "{B14DDB78-EF00-4F68-8BDA-3C0DB67ABE44}"
EndProject
Global
	GlobalSection(SolutionConfigurationPlatforms) = preSolution
		Debug|Any CPU = Debug|Any CPU
		Release|Any CPU = Release|Any CPU
	EndGlobalSection
	GlobalSection(ProjectConfigurationPlatforms) = postSolution
		{B14DDB78-EF00-4F68-8BDA-3C0DB67ABE44}.Debug|Any CPU.ActiveCfg = Debug|Any CPU
		{B14DDB78-EF00-4F68-8BDA-3C0DB67ABE44}.Debug|Any CPU.Build.0 = Debug|Any CPU
		{B14DDB78-EF00-4F68-8BDA-3C0DB67ABE44}.Release|Any CPU.ActiveCfg = Release|Any CPU
		{B14DDB78-EF00-4F68-8BDA-3C0DB67ABE44}.Release|Any CPU.Build.0 = Release|Any CPU
	EndGlobalSection
	GlobalSection(SolutionProperties) = preSolution
		HideSolutionNode = FALSE
	EndGlobalSection
	GlobalSection(ExtensibilityGlobals) = postSolution
		SolutionGuid = {67F1AA47-3B42-456D-A915-FC7BE7C4538D}
	EndGlobalSection
EndGlobal
